
Microsoft Visual Studio Solution File, Format Version 12.00
# Visual Studio Version 16
VisualStudioVersion = 16.0.31911.196
MinimumVisualStudioVersion = 10.0.40219.1
Project("{6BB4BA0B-D797-4009-AF24-85ECC118325D}") = "ASAEdgeOPCUA", "ASAEdgeOPCUA\ASAEdgeOPCUA.edgeproj", "{A074D90A-BC05-411F-B7E0-FBCDF7B557F2}"
EndProject
Global
	GlobalSection(SolutionConfigurationPlatforms) = preSolution
		Debug|Any CPU = Debug|Any CPU
		Release|Any CPU = Release|Any CPU
	EndGlobalSection
	GlobalSection(ProjectConfigurationPlatforms) = postSolution
		{A074D90A-BC05-411F-B7E0-FBCDF7B557F2}.Debug|Any CPU.ActiveCfg = Debug|Any CPU
		{A074D90A-BC05-411F-B7E0-FBCDF7B557F2}.Debug|Any CPU.Build.0 = Debug|Any CPU
		{A074D90A-BC05-411F-B7E0-FBCDF7B557F2}.Release|Any CPU.ActiveCfg = Release|Any CPU
		{A074D90A-BC05-411F-B7E0-FBCDF7B557F2}.Release|Any CPU.Build.0 = Release|Any CPU
	EndGlobalSection
	GlobalSection(SolutionProperties) = preSolution
		HideSolutionNode = FALSE
	EndGlobalSection
	GlobalSection(ExtensibilityGlobals) = postSolution
		SolutionGuid = {CCD33079-4B27-4CD6-B7DE-5A5D09034FE1}
	EndGlobalSection
EndGlobal
